
Microsoft Visual Studio Solution File, Format Version 12.00
# Visual Studio Version 17
VisualStudioVersion = 17.9.34728.123
MinimumVisualStudioVersion = 10.0.40219.1
Project("{9A19103F-16F7-4668-BE54-9A1E7A4F7556}") = "appinsightslogging", "appinsightslogging.csproj", "{AB9B1909-19FA-4111-95D8-472C7759B20D}"
EndProject
Global
	GlobalSection(SolutionConfigurationPlatforms) = preSolution
		Debug|Any CPU = Debug|Any CPU
		Release|Any CPU = Release|Any CPU
	EndGlobalSection
	GlobalSection(ProjectConfigurationPlatforms) = postSolution
		{AB9B1909-19FA-4111-95D8-472C7759B20D}.Debug|Any CPU.ActiveCfg = Debug|Any CPU
		{AB9B1909-19FA-4111-95D8-472C7759B20D}.Debug|Any CPU.Build.0 = Debug|Any CPU
		{AB9B1909-19FA-4111-95D8-472C7759B20D}.Release|Any CPU.ActiveCfg = Release|Any CPU
		{AB9B1909-19FA-4111-95D8-472C7759B20D}.Release|Any CPU.Build.0 = Release|Any CPU
	EndGlobalSection
	GlobalSection(SolutionProperties) = preSolution
		HideSolutionNode = FALSE
	EndGlobalSection
	GlobalSection(ExtensibilityGlobals) = postSolution
		SolutionGuid = {F040F077-8500-4545-AB00-AFCADAE20E10}
	EndGlobalSection
EndGlobal
